
Microsoft Visual Studio Solution File, Format Version 12.00
# Visual Studio Version 16
VisualStudioVersion = 16.0.28803.156
MinimumVisualStudioVersion = 10.0.40219.1
Project("{FAE04EC0-301F-11D3-BF4B-00C04F79EFBC}") = "Virtual_ve_Override", "Virtual_ve_Override\Virtual_ve_Override.csproj", "{009D57F4-5B4C-4EA2-8825-C99C6A0FA20A}"
EndProject
Global
	GlobalSection(SolutionConfigurationPlatforms) = preSolution
		Debug|Any CPU = Debug|Any CPU
		Release|Any CPU = Release|Any CPU
	EndGlobalSection
	GlobalSection(ProjectConfigurationPlatforms) = postSolution
		{009D57F4-5B4C-4EA2-8825-C99C6A0FA20A}.Debug|Any CPU.ActiveCfg = Debug|Any CPU
		{009D57F4-5B4C-4EA2-8825-C99C6A0FA20A}.Debug|Any CPU.Build.0 = Debug|Any CPU
		{009D57F4-5B4C-4EA2-8825-C99C6A0FA20A}.Release|Any CPU.ActiveCfg = Release|Any CPU
		{009D57F4-5B4C-4EA2-8825-C99C6A0FA20A}.Release|Any CPU.Build.0 = Release|Any CPU
	EndGlobalSection
	GlobalSection(SolutionProperties) = preSolution
		HideSolutionNode = FALSE
	EndGlobalSection
	GlobalSection(ExtensibilityGlobals) = postSolution
		SolutionGuid = {97CDAB59-C719-48A2-9517-115327CD5C9E}
	EndGlobalSection
EndGlobal
